Microsoft Visual Studio Solution File, Format Version 12.00
# Visual Studio Version 17
VisualStudioVersion = 17.5.2.0
MinimumVisualStudioVersion = 10.0.40219.1
Project("{FAE04EC0-301F-11D3-BF4B-00C04F79EFBC}") = "To do List App", "To do List App.csproj", "{93615275-6B83-1628-A34B-B80C0E73A34C}"
EndProject
Global
	GlobalSection(SolutionConfigurationPlatforms) = preSolution
		Debug|Any CPU = Debug|Any CPU
		Release|Any CPU = Release|Any CPU
	EndGlobalSection
	GlobalSection(ProjectConfigurationPlatforms) = postSolution
		{93615275-6B83-1628-A34B-B80C0E73A34C}.Debug|Any CPU.ActiveCfg = Debug|Any CPU
		{93615275-6B83-1628-A34B-B80C0E73A34C}.Debug|Any CPU.Build.0 = Debug|Any CPU
		{93615275-6B83-1628-A34B-B80C0E73A34C}.Release|Any CPU.ActiveCfg = Release|Any CPU
		{93615275-6B83-1628-A34B-B80C0E73A34C}.Release|Any CPU.Build.0 = Release|Any CPU
	EndGlobalSection
	GlobalSection(SolutionProperties) = preSolution
		HideSolutionNode = FALSE
	EndGlobalSection
	GlobalSection(ExtensibilityGlobals) = postSolution
		SolutionGuid = {E4A70370-2C95-4EBE-A324-97C9E6F27A27}
	EndGlobalSection
EndGlobal
